
Microsoft Visual Studio Solution File, Format Version 12.00
# Visual Studio Version 17
VisualStudioVersion = 17.11.35312.102
MinimumVisualStudioVersion = 10.0.40219.1
Project("{FAE04EC0-301F-11D3-BF4B-00C04F79EFBC}") = "CommunityGestionXD", "CommunityGestionXD\CommunityGestionXD.csproj", "{D688260F-7A13-42EC-A1D1-34F7738819F5}"
EndProject
Global
	GlobalSection(SolutionConfigurationPlatforms) = preSolution
		Debug|Any CPU = Debug|Any CPU
		Release|Any CPU = Release|Any CPU
	EndGlobalSection
	GlobalSection(ProjectConfigurationPlatforms) = postSolution
		{D688260F-7A13-42EC-A1D1-34F7738819F5}.Debug|Any CPU.ActiveCfg = Debug|Any CPU
		{D688260F-7A13-42EC-A1D1-34F7738819F5}.Debug|Any CPU.Build.0 = Debug|Any CPU
		{D688260F-7A13-42EC-A1D1-34F7738819F5}.Release|Any CPU.ActiveCfg = Release|Any CPU
		{D688260F-7A13-42EC-A1D1-34F7738819F5}.Release|Any CPU.Build.0 = Release|Any CPU
	EndGlobalSection
	GlobalSection(SolutionProperties) = preSolution
		HideSolutionNode = FALSE
	EndGlobalSection
	GlobalSection(ExtensibilityGlobals) = postSolution
		SolutionGuid = {7AFF6A54-F5E9-4715-8CF4-B8AE329B0FC0}
	EndGlobalSection
EndGlobal
